// !$*UTF8*$!
{
	archiveVersion = 1;
	classes = {
	};
	objectVersion = 55;
	objects = {

/* Begin PBXBuildFile section */
		235C0E9D292D9096005B4679 /* TabType.swift in Sources */ = {isa = PBXBuildFile; fileRef = 235C0E9C292D9096005B4679 /* TabType.swift */; };
		235C0EA0292D91AE005B4679 /* ItemsListView.swift in Sources */ = {isa = PBXBuildFile; fileRef = 235C0E9F292D91AE005B4679 /* ItemsListView.swift */; };
		235C0EA2292D91C5005B4679 /* SettingsView.swift in Sources */ = {isa = PBXBuildFile; fileRef = 235C0EA1292D91C5005B4679 /* SettingsView.swift */; };
		235C0EA4292D9EEA005B4679 /* NotificationMgr.swift in Sources */ = {isa = PBXBuildFile; fileRef = 235C0EA3292D9EEA005B4679 /* NotificationMgr.swift */; };
		235C0EA6292DA6BD005B4679 /* Color+Storage.swift in Sources */ = {isa = PBXBuildFile; fileRef = 235C0EA5292DA6BD005B4679 /* Color+Storage.swift */; };
		2365BD6029229EDF0093A55A /* MindersApp.swift in Sources */ = {isa = PBXBuildFile; fileRef = 2365BD5F29229EDF0093A55A /* MindersApp.swift */; };
		2365BD6229229EDF0093A55A /* ContentView.swift in Sources */ = {isa = PBXBuildFile; fileRef = 2365BD6129229EDF0093A55A /* ContentView.swift */; };
		2365BD6429229EE00093A55A /* Assets.xcassets in Resources */ = {isa = PBXBuildFile; fileRef = 2365BD6329229EE00093A55A /* Assets.xcassets */; };
		2365BD6729229EE00093A55A /* Preview Assets.xcassets in Resources */ = {isa = PBXBuildFile; fileRef = 2365BD6629229EE00093A55A /* Preview Assets.xcassets */; };
		2365BD6F29229F4A0093A55A /* Bundle+Info.swift in Sources */ = {isa = PBXBuildFile; fileRef = 2365BD6E29229F4A0093A55A /* Bundle+Info.swift */; };
		2365BD742922A8DF0093A55A /* Item.swift in Sources */ = {isa = PBXBuildFile; fileRef = 2365BD732922A8DF0093A55A /* Item.swift */; };
		2365BD762922A8F00093A55A /* ItemsVM.swift in Sources */ = {isa = PBXBuildFile; fileRef = 2365BD752922A8F00093A55A /* ItemsVM.swift */; };
		2365BD7B2922CB210093A55A /* FileManager+Items.swift in Sources */ = {isa = PBXBuildFile; fileRef = 2365BD7A2922CB210093A55A /* FileManager+Items.swift */; };
		2365BD7D2923098B0093A55A /* AddItemView.swift in Sources */ = {isa = PBXBuildFile; fileRef = 2365BD7C2923098B0093A55A /* AddItemView.swift */; };
		2365BD832923634D0093A55A /* InfoView.swift in Sources */ = {isa = PBXBuildFile; fileRef = 2365BD822923634D0093A55A /* InfoView.swift */; };
		910DC4282943D65200A1BBFE /* URLHelper.swift in Sources */ = {isa = PBXBuildFile; fileRef = 910DC4272943D65100A1BBFE /* URLHelper.swift */; };
		910DC42A2943D65900A1BBFE /* element.swift in Sources */ = {isa = PBXBuildFile; fileRef = 910DC4292943D65900A1BBFE /* element.swift */; };
		91610DDC2944086E00CA1EEA /* Joke.swift in Sources */ = {isa = PBXBuildFile; fileRef = 91610DDB2944086E00CA1EEA /* Joke.swift */; };
		91610DDE29440B5B00CA1EEA /* JokeVM.swift in Sources */ = {isa = PBXBuildFile; fileRef = 91610DDD29440B5B00CA1EEA /* JokeVM.swift */; };
		91610DE0294416E900CA1EEA /* FileManager+Joke.swift in Sources */ = {isa = PBXBuildFile; fileRef = 91610DDF294416E900CA1EEA /* FileManager+Joke.swift */; };
		91AB3E0729429ECF00F308C5 /* Content1View.swift in Sources */ = {isa = PBXBuildFile; fileRef = 91AB3E0629429ECF00F308C5 /* Content1View.swift */; };
/* End PBXBuildFile section */

/* Begin PBXFileReference section */
		235C0E9C292D9096005B4679 /* TabType.swift */ = {isa = PBXFileReference; lastKnownFileType = sourcecode.swift; path = TabType.swift; sourceTree = "<group>"; };
		235C0E9F292D91AE005B4679 /* ItemsListView.swift */ = {isa = PBXFileReference; lastKnownFileType = sourcecode.swift; path = ItemsListView.swift; sourceTree = "<group>"; };
		235C0EA1292D91C5005B4679 /* SettingsView.swift */ = {isa = PBXFileReference; lastKnownFileType = sourcecode.swift; path = SettingsView.swift; sourceTree = "<group>"; };
		235C0EA3292D9EEA005B4679 /* NotificationMgr.swift */ = {isa = PBXFileReference; lastKnownFileType = sourcecode.swift; path = NotificationMgr.swift; sourceTree = "<group>"; };
		235C0EA5292DA6BD005B4679 /* Color+Storage.swift */ = {isa = PBXFileReference; fileEncoding = 4; lastKnownFileType = sourcecode.swift; path = "Color+Storage.swift"; sourceTree = "<group>"; };
		2365BD5C29229EDF0093A55A /* Minders.app */ = {isa = PBXFileReference; explicitFileType = wrapper.application; includeInIndex = 0; path = Minders.app; sourceTree = BUILT_PRODUCTS_DIR; };
		2365BD5F29229EDF0093A55A /* MindersApp.swift */ = {isa = PBXFileReference; lastKnownFileType = sourcecode.swift; path = MindersApp.swift; sourceTree = "<group>"; };
		2365BD6129229EDF0093A55A /* ContentView.swift */ = {isa = PBXFileReference; lastKnownFileType = sourcecode.swift; path = ContentView.swift; sourceTree = "<group>"; };
		2365BD6329229EE00093A55A /* Assets.xcassets */ = {isa = PBXFileReference; lastKnownFileType = folder.assetcatalog; path = Assets.xcassets; sourceTree = "<group>"; };
		2365BD6629229EE00093A55A /* Preview Assets.xcassets */ = {isa = PBXFileReference; lastKnownFileType = folder.assetcatalog; path = "Preview Assets.xcassets"; sourceTree = "<group>"; };
		2365BD6E29229F4A0093A55A /* Bundle+Info.swift */ = {isa = PBXFileReference; lastKnownFileType = sourcecode.swift; path = "Bundle+Info.swift"; sourceTree = "<group>"; };
		2365BD732922A8DF0093A55A /* Item.swift */ = {isa = PBXFileReference; lastKnownFileType = sourcecode.swift; path = Item.swift; sourceTree = "<group>"; };
		2365BD752922A8F00093A55A /* ItemsVM.swift */ = {isa = PBXFileReference; lastKnownFileType = sourcecode.swift; path = ItemsVM.swift; sourceTree = "<group>"; };
		2365BD7A2922CB210093A55A /* FileManager+Items.swift */ = {isa = PBXFileReference; fileEncoding = 4; lastKnownFileType = sourcecode.swift; path = "FileManager+Items.swift"; sourceTree = "<group>"; };
		2365BD7C2923098B0093A55A /* AddItemView.swift */ = {isa = PBXFileReference; lastKnownFileType = sourcecode.swift; path = AddItemView.swift; sourceTree = "<group>"; };
		2365BD822923634D0093A55A /* InfoView.swift */ = {isa = PBXFileReference; lastKnownFileType = sourcecode.swift; path = InfoView.swift; sourceTree = "<group>"; };
		2367EC132923EBB20071BA2E /* Info.plist */ = {isa = PBXFileReference; lastKnownFileType = text.plist; path = Info.plist; sourceTree = "<group>"; };
		910DC4272943D65100A1BBFE /* URLHelper.swift */ = {isa = PBXFileReference; fileEncoding = 4; lastKnownFileType = sourcecode.swift; path = URLHelper.swift; sourceTree = "<group>"; };
		910DC4292943D65900A1BBFE /* element.swift */ = {isa = PBXFileReference; fileEncoding = 4; lastKnownFileType = sourcecode.swift; path = element.swift; sourceTree = "<group>"; };
		91610DDB2944086E00CA1EEA /* Joke.swift */ = {isa = PBXFileReference; lastKnownFileType = sourcecode.swift; path = Joke.swift; sourceTree = "<group>"; };
		91610DDD29440B5B00CA1EEA /* JokeVM.swift */ = {isa = PBXFileReference; lastKnownFileType = sourcecode.swift; path = JokeVM.swift; sourceTree = "<group>"; };
		91610DDF294416E900CA1EEA /* FileManager+Joke.swift */ = {isa = PBXFileReference; lastKnownFileType = sourcecode.swift; path = "FileManager+Joke.swift"; sourceTree = "<group>"; };
		91AB3E0629429ECF00F308C5 /* Content1View.swift */ = {isa = PBXFileReference; lastKnownFileType = sourcecode.swift; path = Content1View.swift; sourceTree = "<group>"; };
/* End PBXFileReference section */

/* Begin PBXFrameworksBuildPhase section */
		2365BD5929229EDF0093A55A /* Frameworks */ = {
			isa = PBXFrameworksBuildPhase;
			buildActionMask = 2147483647;
			files = (
			);
			runOnlyForDeploymentPostprocessing = 0;
		};
/* End PBXFrameworksBuildPhase section */

/* Begin PBXGroup section */
		235C0E9E292D915B005B4679 /* Views */ = {
			isa = PBXGroup;
			children = (
				2365BD7C2923098B0093A55A /* AddItemView.swift */,
				2365BD6129229EDF0093A55A /* ContentView.swift */,
				2365BD822923634D0093A55A /* InfoView.swift */,
				235C0E9F292D91AE005B4679 /* ItemsListView.swift */,
				235C0EA1292D91C5005B4679 /* SettingsView.swift */,
			);
			path = Views;
			sourceTree = "<group>";
		};
		2365BD5329229EDF0093A55A = {
			isa = PBXGroup;
			children = (
				2365BD5E29229EDF0093A55A /* Minders */,
				2365BD5D29229EDF0093A55A /* Products */,
			);
			sourceTree = "<group>";
		};
		2365BD5D29229EDF0093A55A /* Products */ = {
			isa = PBXGroup;
			children = (
				2365BD5C29229EDF0093A55A /* Minders.app */,
			);
			name = Products;
			sourceTree = "<group>";
		};
		2365BD5E29229EDF0093A55A /* Minders */ = {
			isa = PBXGroup;
			children = (
				2367EC132923EBB20071BA2E /* Info.plist */,
				2365BD5F29229EDF0093A55A /* MindersApp.swift */,
				2365BD752922A8F00093A55A /* ItemsVM.swift */,
				91610DDD29440B5B00CA1EEA /* JokeVM.swift */,
				235C0EA3292D9EEA005B4679 /* NotificationMgr.swift */,
				235C0E9C292D9096005B4679 /* TabType.swift */,
				910DC4292943D65900A1BBFE /* element.swift */,
				910DC4272943D65100A1BBFE /* URLHelper.swift */,
				91AB3E0629429ECF00F308C5 /* Content1View.swift */,
				235C0E9E292D915B005B4679 /* Views */,
				2365BD722922A8C60093A55A /* Model */,
				2365BD6D29229F3B0093A55A /* Extensions */,
				2365BD6329229EE00093A55A /* Assets.xcassets */,
				2365BD6529229EE00093A55A /* Preview Content */,
			);
			path = Minders;
			sourceTree = "<group>";
		};
		2365BD6529229EE00093A55A /* Preview Content */ = {
			isa = PBXGroup;
			children = (
				2365BD6629229EE00093A55A /* Preview Assets.xcassets */,
			);
			path = "Preview Content";
			sourceTree = "<group>";
		};
		2365BD6D29229F3B0093A55A /* Extensions */ = {
			isa = PBXGroup;
			children = (
				235C0EA5292DA6BD005B4679 /* Color+Storage.swift */,
				2365BD7A2922CB210093A55A /* FileManager+Items.swift */,
				91610DDF294416E900CA1EEA /* FileManager+Joke.swift */,
				2365BD6E29229F4A0093A55A /* Bundle+Info.swift */,
			);
			path = Extensions;
			sourceTree = "<group>";
		};
		2365BD722922A8C60093A55A /* Model */ = {
			isa = PBXGroup;
			children = (
				2365BD732922A8DF0093A55A /* Item.swift */,
				91610DDB2944086E00CA1EEA /* Joke.swift */,
			);
			path = Model;
			sourceTree = "<group>";
		};
/* End PBXGroup section */

/* Begin PBXNativeTarget section */
		2365BD5B29229EDF0093A55A /* Minders */ = {
			isa = PBXNativeTarget;
			buildConfigurationList = 2365BD6A29229EE00093A55A /* Build configuration list for PBXNativeTarget "Minders" */;
			buildPhases = (
				2365BD5829229EDF0093A55A /* Sources */,
				2365BD5929229EDF0093A55A /* Frameworks */,
				2365BD5A29229EDF0093A55A /* Resources */,
			);
			buildRules = (
			);
			dependencies = (
			);
			name = Minders;
			productName = Minders;
			productReference = 2365BD5C29229EDF0093A55A /* Minders.app */;
			productType = "com.apple.product-type.application";
		};
/* End PBXNativeTarget section */

/* Begin PBXProject section */
		2365BD5429229EDF0093A55A /* Project object */ = {
			isa = PBXProject;
			attributes = {
				BuildIndependentTargetsInParallel = 1;
				LastSwiftUpdateCheck = 1340;
				LastUpgradeCheck = 1340;
				TargetAttributes = {
					2365BD5B29229EDF0093A55A = {
						CreatedOnToolsVersion = 13.4.1;
					};
				};
			};
			buildConfigurationList = 2365BD5729229EDF0093A55A /* Build configuration list for PBXProject "Minders" */;
			compatibilityVersion = "Xcode 13.0";
			developmentRegion = en;
			hasScannedForEncodings = 0;
			knownRegions = (
				en,
				Base,
			);
			mainGroup = 2365BD5329229EDF0093A55A;
			productRefGroup = 2365BD5D29229EDF0093A55A /* Products */;
			projectDirPath = "";
			projectRoot = "";
			targets = (
				2365BD5B29229EDF0093A55A /* Minders */,
			);
		};
/* End PBXProject section */

/* Begin PBXResourcesBuildPhase section */
		2365BD5A29229EDF0093A55A /* Resources */ = {
			isa = PBXResourcesBuildPhase;
			buildActionMask = 2147483647;
			files = (
				2365BD6729229EE00093A55A /* Preview Assets.xcassets in Resources */,
				2365BD6429229EE00093A55A /* Assets.xcassets in Resources */,
			);
			runOnlyForDeploymentPostprocessing = 0;
		};
/* End PBXResourcesBuildPhase section */

/* Begin PBXSourcesBuildPhase section */
		2365BD5829229EDF0093A55A /* Sources */ = {
			isa = PBXSourcesBuildPhase;
			buildActionMask = 2147483647;
			files = (
				2365BD832923634D0093A55A /* InfoView.swift in Sources */,
				91610DDE29440B5B00CA1EEA /* JokeVM.swift in Sources */,
				235C0EA0292D91AE005B4679 /* ItemsListView.swift in Sources */,
				2365BD6F29229F4A0093A55A /* Bundle+Info.swift in Sources */,
				2365BD742922A8DF0093A55A /* Item.swift in Sources */,
				2365BD7B2922CB210093A55A /* FileManager+Items.swift in Sources */,
				910DC42A2943D65900A1BBFE /* element.swift in Sources */,
				91610DDC2944086E00CA1EEA /* Joke.swift in Sources */,
				91610DE0294416E900CA1EEA /* FileManager+Joke.swift in Sources */,
				2365BD7D2923098B0093A55A /* AddItemView.swift in Sources */,
				91AB3E0729429ECF00F308C5 /* Content1View.swift in Sources */,
				2365BD6229229EDF0093A55A /* ContentView.swift in Sources */,
				2365BD762922A8F00093A55A /* ItemsVM.swift in Sources */,
				2365BD6029229EDF0093A55A /* MindersApp.swift in Sources */,
				235C0EA4292D9EEA005B4679 /* NotificationMgr.swift in Sources */,
				235C0E9D292D9096005B4679 /* TabType.swift in Sources */,
				910DC4282943D65200A1BBFE /* URLHelper.swift in Sources */,
				235C0EA2292D91C5005B4679 /* SettingsView.swift in Sources */,
				235C0EA6292DA6BD005B4679 /* Color+Storage.swift in Sources */,
			);
			runOnlyForDeploymentPostprocessing = 0;
		};
/* End PBXSourcesBuildPhase section */

/* Begin XCBuildConfiguration section */
		2365BD6829229EE00093A55A /* Debug */ = {
			isa = XCBuildConfiguration;
			buildSettings = {
				ALWAYS_SEARCH_USER_PATHS = NO;
				CLANG_ANALYZER_NONNULL = YES;
				CLANG_ANALYZER_NUMBER_OBJECT_CONVERSION = YES_AGGRESSIVE;
				CLANG_CXX_LANGUAGE_STANDARD = "gnu++17";
				CLANG_ENABLE_MODULES = YES;
				CLANG_ENABLE_OBJC_ARC = YES;
				CLANG_ENABLE_OBJC_WEAK = YES;
				CLANG_WARN_BLOCK_CAPTURE_AUTORELEASING = YES;
				CLANG_WARN_BOOL_CONVERSION = YES;
				CLANG_WARN_COMMA = YES;
				CLANG_WARN_CONSTANT_CONVERSION = YES;
				CLANG_WARN_DEPRECATED_OBJC_IMPLEMENTATIONS = YES;
				CLANG_WARN_DIRECT_OBJC_ISA_USAGE = YES_ERROR;
				CLANG_WARN_DOCUMENTATION_COMMENTS = YES;
				CLANG_WARN_EMPTY_BODY = YES;
				CLANG_WARN_ENUM_CONVERSION = YES;
				CLANG_WARN_INFINITE_RECURSION = YES;
				CLANG_WARN_INT_CONVERSION = YES;
				CLANG_WARN_NON_LITERAL_NULL_CONVERSION = YES;
				CLANG_WARN_OBJC_IMPLICIT_RETAIN_SELF = YES;
				CLANG_WARN_OBJC_LITERAL_CONVERSION = YES;
				CLANG_WARN_OBJC_ROOT_CLASS = YES_ERROR;
				CLANG_WARN_QUOTED_INCLUDE_IN_FRAMEWORK_HEADER = YES;
				CLANG_WARN_RANGE_LOOP_ANALYSIS = YES;
				CLANG_WARN_STRICT_PROTOTYPES = YES;
				CLANG_WARN_SUSPICIOUS_MOVE = YES;
				CLANG_WARN_UNGUARDED_AVAILABILITY = YES_AGGRESSIVE;
				CLANG_WARN_UNREACHABLE_CODE = YES;
				CLANG_WARN__DUPLICATE_METHOD_MATCH = YES;
				COPY_PHASE_STRIP = NO;
				DEBUG_INFORMATION_FORMAT = dwarf;
				ENABLE_STRICT_OBJC_MSGSEND = YES;
				ENABLE_TESTABILITY = YES;
				GCC_C_LANGUAGE_STANDARD = gnu11;
				GCC_DYNAMIC_NO_PIC = NO;
				GCC_NO_COMMON_BLOCKS = YES;
				GCC_OPTIMIZATION_LEVEL = 0;
				GCC_PREPROCESSOR_DEFINITIONS = (
					"DEBUG=1",
					"$(inherited)",
				);
				GCC_WARN_64_TO_32_BIT_CONVERSION = YES;
				GCC_WARN_ABOUT_RETURN_TYPE = YES_ERROR;
				GCC_WARN_UNDECLARED_SELECTOR = YES;
				GCC_WARN_UNINITIALIZED_AUTOS = YES_AGGRESSIVE;
				GCC_WARN_UNUSED_FUNCTION = YES;
				GCC_WARN_UNUSED_VARIABLE = YES;
				IPHONEOS_DEPLOYMENT_TARGET = 15.5;
				MTL_ENABLE_DEBUG_INFO = INCLUDE_SOURCE;
				MTL_FAST_MATH = YES;
				ONLY_ACTIVE_ARCH = YES;
				SDKROOT = iphoneos;
				SWIFT_ACTIVE_COMPILATION_CONDITIONS = DEBUG;
				SWIFT_OPTIMIZATION_LEVEL = "-Onone";
			};
			name = Debug;
		};
		2365BD6929229EE00093A55A /* Release */ = {
			isa = XCBuildConfiguration;
			buildSettings = {
				ALWAYS_SEARCH_USER_PATHS = NO;
				CLANG_ANALYZER_NONNULL = YES;
				CLANG_ANALYZER_NUMBER_OBJECT_CONVERSION = YES_AGGRESSIVE;
				CLANG_CXX_LANGUAGE_STANDARD = "gnu++17";
				CLANG_ENABLE_MODULES = YES;
				CLANG_ENABLE_OBJC_ARC = YES;
				CLANG_ENABLE_OBJC_WEAK = YES;
				CLANG_WARN_BLOCK_CAPTURE_AUTORELEASING = YES;
				CLANG_WARN_BOOL_CONVERSION = YES;
				CLANG_WARN_COMMA = YES;
				CLANG_WARN_CONSTANT_CONVERSION = YES;
				CLANG_WARN_DEPRECATED_OBJC_IMPLEMENTATIONS = YES;
				CLANG_WARN_DIRECT_OBJC_ISA_USAGE = YES_ERROR;
				CLANG_WARN_DOCUMENTATION_COMMENTS = YES;
				CLANG_WARN_EMPTY_BODY = YES;
				CLANG_WARN_ENUM_CONVERSION = YES;
				CLANG_WARN_INFINITE_RECURSION = YES;
				CLANG_WARN_INT_CONVERSION = YES;
				CLANG_WARN_NON_LITERAL_NULL_CONVERSION = YES;
				CLANG_WARN_OBJC_IMPLICIT_RETAIN_SELF = YES;
				CLANG_WARN_OBJC_LITERAL_CONVERSION = YES;
				CLANG_WARN_OBJC_ROOT_CLASS = YES_ERROR;
				CLANG_WARN_QUOTED_INCLUDE_IN_FRAMEWORK_HEADER = YES;
				CLANG_WARN_RANGE_LOOP_ANALYSIS = YES;
				CLANG_WARN_STRICT_PROTOTYPES = YES;
				CLANG_WARN_SUSPICIOUS_MOVE = YES;
				CLANG_WARN_UNGUARDED_AVAILABILITY = YES_AGGRESSIVE;
				CLANG_WARN_UNREACHABLE_CODE = YES;
				CLANG_WARN__DUPLICATE_METHOD_MATCH = YES;
				COPY_PHASE_STRIP = NO;
				DEBUG_INFORMATION_FORMAT = "dwarf-with-dsym";
				ENABLE_NS_ASSERTIONS = NO;
				ENABLE_STRICT_OBJC_MSGSEND = YES;
				GCC_C_LANGUAGE_STANDARD = gnu11;
				GCC_NO_COMMON_BLOCKS = YES;
				GCC_WARN_64_TO_32_BIT_CONVERSION = YES;
				GCC_WARN_ABOUT_RETURN_TYPE = YES_ERROR;
				GCC_WARN_UNDECLARED_SELECTOR = YES;
				GCC_WARN_UNINITIALIZED_AUTOS = YES_AGGRESSIVE;
				GCC_WARN_UNUSED_FUNCTION = YES;
				GCC_WARN_UNUSED_VARIABLE = YES;
				IPHONEOS_DEPLOYMENT_TARGET = 15.5;
				MTL_ENABLE_DEBUG_INFO = NO;
				MTL_FAST_MATH = YES;
				SDKROOT = iphoneos;
				SWIFT_COMPILATION_MODE = wholemodule;
				SWIFT_OPTIMIZATION_LEVEL = "-O";
				VALIDATE_PRODUCT = YES;
			};
			name = Release;
		};
		2365BD6B29229EE00093A55A /* Debug */ = {
			isa = XCBuildConfiguration;
			buildSettings = {
				ASSETCATALOG_COMPILER_APPICON_NAME = AppIcon;
				ASSETCATALOG_COMPILER_GLOBAL_ACCENT_COLOR_NAME = AccentColor;
				CODE_SIGN_STYLE = Automatic;
				CURRENT_PROJECT_VERSION = 488;
				DEVELOPMENT_ASSET_PATHS = "\"Minders/Preview Content\"";
				DEVELOPMENT_TEAM = ESQUM36X93;
				ENABLE_PREVIEWS = YES;
				GENERATE_INFOPLIST_FILE = YES;
				INFOPLIST_FILE = Minders/Info.plist;
				INFOPLIST_KEY_LSSupportsOpeningDocumentsInPlace = YES;
				INFOPLIST_KEY_NSHumanReadableCopyright = "Copyright © 2022 - ACME Apps Inc.";
				INFOPLIST_KEY_UIApplicationSceneManifest_Generation = YES;
				INFOPLIST_KEY_UIApplicationSupportsIndirectInputEvents = YES;
				INFOPLIST_KEY_UISupportedInterfaceOrientations_iPad = "UIInterfaceOrientationPortrait UIInterfaceOrientationPortraitUpsideDown UIInterfaceOrientationLandscapeLeft UIInterfaceOrientationLandscapeRight";
				INFOPLIST_KEY_UISupportedInterfaceOrientations_iPhone = "UIInterfaceOrientationPortrait UIInterfaceOrientationLandscapeLeft UIInterfaceOrientationLandscapeRight";
				LD_RUNPATH_SEARCH_PATHS = (
					"$(inherited)",
					"@executable_path/Frameworks",
				);
				MARKETING_VERSION = 2.0.0;
				PRODUCT_BUNDLE_IDENTIFIER = com.csc.Minders;
				PRODUCT_NAME = "$(TARGET_NAME)";
				SWIFT_EMIT_LOC_STRINGS = YES;
				SWIFT_VERSION = 5.0;
				TARGETED_DEVICE_FAMILY = "1,2";
			};
			name = Debug;
		};
		2365BD6C29229EE00093A55A /* Release */ = {
			isa = XCBuildConfiguration;
			buildSettings = {
				ASSETCATALOG_COMPILER_APPICON_NAME = AppIcon;
				ASSETCATALOG_COMPILER_GLOBAL_ACCENT_COLOR_NAME = AccentColor;
				CODE_SIGN_STYLE = Automatic;
				CURRENT_PROJECT_VERSION = 488;
				DEVELOPMENT_ASSET_PATHS = "\"Minders/Preview Content\"";
				DEVELOPMENT_TEAM = ESQUM36X93;
				ENABLE_PREVIEWS = YES;
				GENERATE_INFOPLIST_FILE = YES;
				INFOPLIST_FILE = Minders/Info.plist;
				INFOPLIST_KEY_LSSupportsOpeningDocumentsInPlace = YES;
				INFOPLIST_KEY_NSHumanReadableCopyright = "Copyright © 2022 - ACME Apps Inc.";
				INFOPLIST_KEY_UIApplicationSceneManifest_Generation = YES;
				INFOPLIST_KEY_UIApplicationSupportsIndirectInputEvents = YES;
				INFOPLIST_KEY_UISupportedInterfaceOrientations_iPad = "UIInterfaceOrientationPortrait UIInterfaceOrientationPortraitUpsideDown UIInterfaceOrientationLandscapeLeft UIInterfaceOrientationLandscapeRight";
				INFOPLIST_KEY_UISupportedInterfaceOrientations_iPhone = "UIInterfaceOrientationPortrait UIInterfaceOrientationLandscapeLeft UIInterfaceOrientationLandscapeRight";
				LD_RUNPATH_SEARCH_PATHS = (
					"$(inherited)",
					"@executable_path/Frameworks",
				);
				MARKETING_VERSION = 2.0.0;
				PRODUCT_BUNDLE_IDENTIFIER = com.csc.Minders;
				PRODUCT_NAME = "$(TARGET_NAME)";
				SWIFT_EMIT_LOC_STRINGS = YES;
				SWIFT_VERSION = 5.0;
				TARGETED_DEVICE_FAMILY = "1,2";
			};
			name = Release;
		};
/* End XCBuildConfiguration section */

/* Begin XCConfigurationList section */
		2365BD5729229EDF0093A55A /* Build configuration list for PBXProject "Minders" */ = {
			isa = XCConfigurationList;
			buildConfigurations = (
				2365BD6829229EE00093A55A /* Debug */,
				2365BD6929229EE00093A55A /* Release */,
			);
			defaultConfigurationIsVisible = 0;
			defaultConfigurationName = Release;
		};
		2365BD6A29229EE00093A55A /* Build configuration list for PBXNativeTarget "Minders" */ = {
			isa = XCConfigurationList;
			buildConfigurations = (
				2365BD6B29229EE00093A55A /* Debug */,
				2365BD6C29229EE00093A55A /* Release */,
			);
			defaultConfigurationIsVisible = 0;
			defaultConfigurationName = Release;
		};
/* End XCConfigurationList section */
	};
	rootObject = 2365BD5429229EDF0093A55A /* Project object */;
}
